{
    "name": "cocos-creator-mcp",
    "version": "2.0.0",
    "lockfileVersion": 3,
    "requires": true,
    "packages": {
        "": {
            "name": "cocos-creator-mcp",
            "version": "2.0.0",
            "dependencies": {
                "vue": "^3.1.4",
                "wasm-vips": "^0.0.17"
            },
            "devDependencies": {
                "@cocos/creator-types": "^3.8.6",
                "@types/node": "^18.17.1",
                "typescript": "^5.8.2"
            }
        },
        "node_modules/@babel/helper-string-parser": {
            "version": "7.27.1",
            "resolved": "https://registry.npmjs.org/@babel/helper-string-parser/-/helper-string-parser-7.27.1.tgz",
            "integrity": "sha512-qMlSxKbpRlAridDExk92nSobyDdpPijUq2DW6oDnUqd0iOGxmQjyqhMIihI9+zv4LPyZdRje2cavWPbCbWm3eA==",
            "license": "MIT",
            "engines": {
                "node": ">=6.9.0"
            }
        },
        "node_modules/@babel/helper-validator-identifier": {
            "version": "7.28.5",
            "resolved": "https://registry.npmjs.org/@babel/helper-validator-identifier/-/helper-validator-identifier-7.28.5.tgz",
            "integrity": "sha512-qSs4ifwzKJSV39ucNjsvc6WVHs6b7S03sOh2OcHF9UHfVPqWWALUsNUVzhSBiItjRZoLHx7nIarVjqKVusUZ1Q==",
            "license": "MIT",
            "engines": {
                "node": ">=6.9.0"
            }
        },
        "node_modules/@babel/parser": {
            "version": "7.29.2",
            "resolved": "https://registry.npmjs.org/@babel/parser/-/parser-7.29.2.tgz",
            "integrity": "sha512-4GgRzy/+fsBa72/RZVJmGKPmZu9Byn8o4MoLpmNe1m8ZfYnz5emHLQz3U4gLud6Zwl0RZIcgiLD7Uq7ySFuDLA==",
            "license": "MIT",
            "dependencies": {
                "@babel/types": "^7.29.0"
            },
            "bin": {
                "parser": "bin/babel-parser.js"
            },
            "engines": {
                "node": ">=6.0.0"
            }
        },
        "node_modules/@babel/types": {
            "version": "7.29.0",
            "resolved": "https://registry.npmjs.org/@babel/types/-/types-7.29.0.tgz",
            "integrity": "sha512-LwdZHpScM4Qz8Xw2iKSzS+cfglZzJGvofQICy7W7v4caru4EaAmyUuO6BGrbyQ2mYV11W0U8j5mBhd14dd3B0A==",
            "license": "MIT",
            "dependencies": {
                "@babel/helper-string-parser": "^7.27.1",
                "@babel/helper-validator-identifier": "^7.28.5"
            },
            "engines": {
                "node": ">=6.9.0"
            }
        },
        "node_modules/@cocos/creator-types": {
            "version": "3.8.7",
            "resolved": "https://registry.npmjs.org/@cocos/creator-types/-/creator-types-3.8.7.tgz",
            "integrity": "sha512-QTtuC+w1s1yQ8DPlgFSiIGS+Pko6v2QdrrQRN8/SttEBo53JjyXEWHXpRkg1lGiHq0u/aadm0cN/Y4jtEmis/w==",
            "dev": true,
            "license": "ISC"
        },
        "node_modules/@types/node": {
            "version": "18.19.130",
            "resolved": "https://registry.npmjs.org/@types/node/-/node-18.19.130.tgz",
            "integrity": "sha512-GRaXQx6jGfL8sKfaIDD6OupbIHBr9jv7Jnaml9tB7l4v068PAOXqfcujMMo5PhbIs6ggR1XODELqahT2R8v0fg==",
            "dev": true,
            "license": "MIT",
            "dependencies": {
                "undici-types": "~5.26.4"
            }
        },
        "node_modules/@vue/compiler-core": {
            "version": "3.1.4",
            "resolved": "https://registry.npmjs.org/@vue/compiler-core/-/compiler-core-3.1.4.tgz",
            "integrity": "sha512-TnUz+1z0y74O/A4YKAbzsdUfamyHV73MihrEfvettWpm9bQKVoZd1nEmR1cGN9LsXWlwAvVQBetBlWdOjmQO5Q==",
            "license": "MIT",
            "dependencies": {
                "@babel/parser": "^7.12.0",
                "@babel/types": "^7.12.0",
                "@vue/shared": "3.1.4",
                "estree-walker": "^2.0.1",
                "source-map": "^0.6.1"
            }
        },
        "node_modules/@vue/compiler-dom": {
            "version": "3.1.4",
            "resolved": "https://registry.npmjs.org/@vue/compiler-dom/-/compiler-dom-3.1.4.tgz",
            "integrity": "sha512-3tG2ScHkghhUBuFwl9KgyZhrS8CPFZsO7hUDekJgIp5b1OMkROr4AvxHu6rRMl4WkyvYkvidFNBS2VfOnwa6Kw==",
            "license": "MIT",
            "dependencies": {
                "@vue/compiler-core": "3.1.4",
                "@vue/shared": "3.1.4"
            }
        },
        "node_modules/@vue/reactivity": {
            "version": "3.1.4",
            "resolved": "https://registry.npmjs.org/@vue/reactivity/-/reactivity-3.1.4.tgz",
            "integrity": "sha512-YDlgii2Cr9yAoKVZFzgY4j0mYlVT73986X3e5SPp6ifqckSEoFSUWXZK2Tb53TB/9qO29BEEbspnKD3m3wAwkA==",
            "license": "MIT",
            "dependencies": {
                "@vue/shared": "3.1.4"
            }
        },
        "node_modules/@vue/runtime-core": {
            "version": "3.1.4",
            "resolved": "https://registry.npmjs.org/@vue/runtime-core/-/runtime-core-3.1.4.tgz",
            "integrity": "sha512-qmVJgJuFxfT7M4qHQ4M6KqhKC66fjuswK+aBivE8dWiZ2rtIGl9gtJGpwqwjQEcKEBTOfvvrtrwBncYArJUO8Q==",
            "license": "MIT",
            "dependencies": {
                "@vue/reactivity": "3.1.4",
                "@vue/shared": "3.1.4"
            }
        },
        "node_modules/@vue/runtime-dom": {
            "version": "3.1.4",
            "resolved": "https://registry.npmjs.org/@vue/runtime-dom/-/runtime-dom-3.1.4.tgz",
            "integrity": "sha512-vbmwgTxku1BU87Kw7r29adv0OIrDXCW0PslOPQT0O/9R5SqcXgS94Yj6zsztDjvghegenwIAPNLlDR1Auh5s+w==",
            "license": "MIT",
            "dependencies": {
                "@vue/runtime-core": "3.1.4",
                "@vue/shared": "3.1.4",
                "csstype": "^2.6.8"
            }
        },
        "node_modules/@vue/shared": {
            "version": "3.1.4",
            "resolved": "https://registry.npmjs.org/@vue/shared/-/shared-3.1.4.tgz",
            "integrity": "sha512-6O45kZAmkLvzGLToBxEz4lR2W6kXohCtebV2UxjH9GXjd8X9AhEn68FN9eNanFtWNzvgw1hqd6HkPRVQalqf7Q==",
            "license": "MIT"
        },
        "node_modules/csstype": {
            "version": "2.6.21",
            "resolved": "https://registry.npmjs.org/csstype/-/csstype-2.6.21.tgz",
            "integrity": "sha512-Z1PhmomIfypOpoMjRQB70jfvy/wxT50qW08YXO5lMIJkrdq4yOTR+AW7FqutScmB9NkLwxo+jU+kZLbofZZq/w==",
            "license": "MIT"
        },
        "node_modules/estree-walker": {
            "version": "2.0.2",
            "resolved": "https://registry.npmjs.org/estree-walker/-/estree-walker-2.0.2.tgz",
            "integrity": "sha512-Rfkk/Mp/DL7JVje3u18FxFujQlTNR2q6QfMSMB7AvCBx91NGj/ba3kCfza0f6dVDbw7YlRf/nDrn7pQrCCyQ/w==",
            "license": "MIT"
        },
        "node_modules/source-map": {
            "version": "0.6.1",
            "resolved": "https://registry.npmjs.org/source-map/-/source-map-0.6.1.tgz",
            "integrity": "sha512-UjgapumWlbMhkBgzT7Ykc5YXUT46F0iKu8SGXq0bcwP5dz/h0Plj6enJqjz1Zbq2l5WaqYnrVbwWOWMyF3F47g==",
            "license": "BSD-3-Clause",
            "engines": {
                "node": ">=0.10.0"
            }
        },
        "node_modules/typescript": {
            "version": "5.9.3",
            "resolved": "https://registry.npmjs.org/typescript/-/typescript-5.9.3.tgz",
            "integrity": "sha512-jl1vZzPDinLr9eUt3J/t7V6FgNEw9QjvBPdysz9KfQDD41fQrC2Y4vKQdiaUpFT4bXlb1RHhLpp8wtm6M5TgSw==",
            "dev": true,
            "license": "Apache-2.0",
            "bin": {
                "tsc": "bin/tsc",
                "tsserver": "bin/tsserver"
            },
            "engines": {
                "node": ">=14.17"
            }
        },
        "node_modules/undici-types": {
            "version": "5.26.5",
            "resolved": "https://registry.npmjs.org/undici-types/-/undici-types-5.26.5.tgz",
            "integrity": "sha512-JlCMO+ehdEIKqlFxk6IfVoAUVmgz7cU7zD/h9XZ0qzeosSHmUJVOzSQvvYSYWXkFXC+IfLKSIffhv0sVZup6pA==",
            "dev": true,
            "license": "MIT"
        },
        "node_modules/vue": {
            "version": "3.1.4",
            "resolved": "https://registry.npmjs.org/vue/-/vue-3.1.4.tgz",
            "integrity": "sha512-p8dcdyeCgmaAiZsbLyDkmOLcFGZb/jEVdCLW65V68LRCXTNX8jKsgah2F7OZ/v/Ai2V0Fb1MNO0vz/GFqsPVMA==",
            "license": "MIT",
            "dependencies": {
                "@vue/compiler-dom": "3.1.4",
                "@vue/runtime-dom": "3.1.4",
                "@vue/shared": "3.1.4"
            }
        },
        "node_modules/wasm-vips": {
            "version": "0.0.17",
            "resolved": "https://registry.npmjs.org/wasm-vips/-/wasm-vips-0.0.17.tgz",
            "integrity": "sha512-nhkqUNJDUymImoXGrVfImC4wzIFTb9KfBpAngb7dcEQNPP1gVTx4+WL3VVVDSXQpMsyeacsQDOx0+DM33Rpurg==",
            "license": "MIT",
            "engines": {
                "node": ">=16.4.0"
            }
        }
    }
}
